
Microsoft Visual Studio Solution File, Format Version 12.00
# Visual Studio 15
VisualStudioVersion = 15.0.27004.2005
MinimumVisualStudioVersion = 10.0.40219.1
Project("{FAE04EC0-301F-11D3-BF4B-00C04F79EFBC}") = "MyWeb", "MyWeb\MyWeb.csproj", "{69988240-AD78-4F41-B805-FF6968B4DCA2}"
EndProject
Project("{FAE04EC0-301F-11D3-BF4B-00C04F79EFBC}") = "MyWeb.Tests", "MyWeb.Tests\MyWeb.Tests.csproj", "{D3DF8B76-9897-4092-BC49-06A85BA50262}"
EndProject
Global
	GlobalSection(SolutionConfigurationPlatforms) = preSolution
		Debug|Any CPU = Debug|Any CPU
		Release|Any CPU = Release|Any CPU
	EndGlobalSection
	GlobalSection(ProjectConfigurationPlatforms) = postSolution
		{69988240-AD78-4F41-B805-FF6968B4DCA2}.Debug|Any CPU.ActiveCfg = Debug|Any CPU
		{69988240-AD78-4F41-B805-FF6968B4DCA2}.Debug|Any CPU.Build.0 = Debug|Any CPU
		{69988240-AD78-4F41-B805-FF6968B4DCA2}.Release|Any CPU.ActiveCfg = Release|Any CPU
		{69988240-AD78-4F41-B805-FF6968B4DCA2}.Release|Any CPU.Build.0 = Release|Any CPU
		{D3DF8B76-9897-4092-BC49-06A85BA50262}.Debug|Any CPU.ActiveCfg = Debug|Any CPU
		{D3DF8B76-9897-4092-BC49-06A85BA50262}.Debug|Any CPU.Build.0 = Debug|Any CPU
		{D3DF8B76-9897-4092-BC49-06A85BA50262}.Release|Any CPU.ActiveCfg = Release|Any CPU
		{D3DF8B76-9897-4092-BC49-06A85BA50262}.Release|Any CPU.Build.0 = Release|Any CPU
	EndGlobalSection
	GlobalSection(SolutionProperties) = preSolution
		HideSolutionNode = FALSE
	EndGlobalSection
	GlobalSection(ExtensibilityGlobals) = postSolution
		SolutionGuid = {39E388F6-590D-41FE-A8E1-E8FC0BA8FDB9}
	EndGlobalSection
EndGlobal
